
Microsoft Visual Studio Solution File, Format Version 12.00
# Visual Studio Version 17
VisualStudioVersion = 17.14.36301.6
MinimumVisualStudioVersion = 10.0.40219.1
Project("{FAE04EC0-301F-11D3-BF4B-00C04F79EFBC}") = "Professor", "TCC\Professor.csproj", "{83B9C236-790C-4995-8F92-398516040E3D}"
EndProject
Project("{FAE04EC0-301F-11D3-BF4B-00C04F79EFBC}") = "Aluno", "Aluno\Aluno.csproj", "{08B224DA-5E27-48C8-A357-ABAD9BFA15DE}"
EndProject
Global
	GlobalSection(SolutionConfigurationPlatforms) = preSolution
		Debug|Any CPU = Debug|Any CPU
		Release|Any CPU = Release|Any CPU
	EndGlobalSection
	GlobalSection(ProjectConfigurationPlatforms) = postSolution
		{83B9C236-790C-4995-8F92-398516040E3D}.Debug|Any CPU.ActiveCfg = Debug|Any CPU
		{83B9C236-790C-4995-8F92-398516040E3D}.Debug|Any CPU.Build.0 = Debug|Any CPU
		{83B9C236-790C-4995-8F92-398516040E3D}.Release|Any CPU.ActiveCfg = Release|Any CPU
		{83B9C236-790C-4995-8F92-398516040E3D}.Release|Any CPU.Build.0 = Release|Any CPU
		{08B224DA-5E27-48C8-A357-ABAD9BFA15DE}.Debug|Any CPU.ActiveCfg = Debug|Any CPU
		{08B224DA-5E27-48C8-A357-ABAD9BFA15DE}.Debug|Any CPU.Build.0 = Debug|Any CPU
		{08B224DA-5E27-48C8-A357-ABAD9BFA15DE}.Release|Any CPU.ActiveCfg = Release|Any CPU
		{08B224DA-5E27-48C8-A357-ABAD9BFA15DE}.Release|Any CPU.Build.0 = Release|Any CPU
	EndGlobalSection
	GlobalSection(SolutionProperties) = preSolution
		HideSolutionNode = FALSE
	EndGlobalSection
	GlobalSection(ExtensibilityGlobals) = postSolution
		SolutionGuid = {16E93775-968F-4A5E-96D3-44C054F73DB1}
	EndGlobalSection
EndGlobal
